// !$*UTF8*$!
{
	archiveVersion = 1;
	classes = {
	};
	objectVersion = 46;
	objects = {
/* Begin PBXBuildFile section */
		0207DA581B56EA530066E2B4 /* Images.xcassets in Resources */ = {isa = PBXBuildFile; fileRef = 0207DA571B56EA530066E2B4 /* Images.xcassets */; };
		11E9383E26EE4230BA7EAD48 /* UIKit.framework in Frameworks */ = {isa = PBXBuildFile; fileRef = 6D04C48FBFDA40D283488430 /* UIKit.framework */; };
		1D3623260D0F684500981E51 /* AppDelegate.m in Sources */ = {isa = PBXBuildFile; fileRef = 1D3623250D0F684500981E51 /* AppDelegate.m */; };
		1D60589B0D05DD56006BFB54 /* main.m in Sources */ = {isa = PBXBuildFile; fileRef = 29B97316FDCFA39411CA2CEA /* main.m */; };
		2717B654030F4D5D83417FFE /* libz.tbd in Frameworks */ = {isa = PBXBuildFile; fileRef = 39905FD6D4E84A73B6E768BA /* libz.tbd */; };
		27EE0A00301642C1AA75A319 /* SafariServices.framework in Frameworks */ = {isa = PBXBuildFile; fileRef = 5B915C47459B47D98E59E22B /* SafariServices.framework */; };
		2C7823C0C17146A0A548AB70 /* CDVSplashScreen.m in Sources */ = {isa = PBXBuildFile; fileRef = 48285D45590342EF8F611109 /* CDVSplashScreen.m */; };
		301BF552109A68D80062928A /* libCordova.a in Frameworks */ = {isa = PBXBuildFile; fileRef = 301BF535109A57CC0062928A /* libCordova.a */; };
		302D95F114D2391D003F00A1 /* MainViewController.m in Sources */ = {isa = PBXBuildFile; fileRef = 302D95EF14D2391D003F00A1 /* MainViewController.m */; };
		302D95F214D2391D003F00A1 /* MainViewController.xib in Resources */ = {isa = PBXBuildFile; fileRef = 302D95F014D2391D003F00A1 /* MainViewController.xib */; };
		45885005890A4B46AC921874 /* GoogleMobileAds.framework in Frameworks */ = {isa = PBXBuildFile; fileRef = CC6D1136F79F45D38D0C8D0F /* GoogleMobileAds.framework */; };
		4E3A9B14BF9A430AACF8EC23 /* CDVDevice.m in Sources */ = {isa = PBXBuildFile; fileRef = 1EEE5738447B4B00B2C8B7FD /* CDVDevice.m */; };
		53DC75E4852F40D0AE528EA5 /* libCordovaGenericAd.a in Frameworks */ = {isa = PBXBuildFile; fileRef = 1B885F1D1F274FB18F612A73 /* libCordovaGenericAd.a */; };
		6385A22B1EF946F1A8F166B1 /* AdSupport.framework in Frameworks */ = {isa = PBXBuildFile; fileRef = 127B1F1A299E4CE680AF5CA1 /* AdSupport.framework */; };
		6463CF4EAB2B4CE6951D01A8 /* CoreTelephony.framework in Frameworks */ = {isa = PBXBuildFile; fileRef = 69B710DFEBE244E88B17B204 /* CoreTelephony.framework */; };
		67F5DC74A18B4EF783CFB3E2 /* CFNetwork.framework in Frameworks */ = {isa = PBXBuildFile; fileRef = 59701A21C96A46C58C4871C9 /* CFNetwork.framework */; };
		6AFF5BF91D6E424B00AB3073 /* CDVLaunchScreen.storyboard in Resources */ = {isa = PBXBuildFile; fileRef = 6AFF5BF81D6E424B00AB3073 /* CDVLaunchScreen.storyboard */; };
		6D9B7E84F3474DAF9450C0B6 /* SystemConfiguration.framework in Frameworks */ = {isa = PBXBuildFile; fileRef = 3B09EB6CC13342ACB643453E /* SystemConfiguration.framework */; };
		72B94A8B5B034494BC912B36 /* CoreMotion.framework in Frameworks */ = {isa = PBXBuildFile; fileRef = C2F036194F454492BD70DC12 /* CoreMotion.framework */; };
		7386A77914014CE1905A8906 /* GLKit.framework in Frameworks */ = {isa = PBXBuildFile; fileRef = B4F19AF5F9B54DD8AFB02F16 /* GLKit.framework */; };
		80430282139E4EF4BC7C33C9 /* StoreKit.framework in Frameworks */ = {isa = PBXBuildFile; fileRef = B61E1C3649EC4BBAB328F1C6 /* StoreKit.framework */; };
		81E32BAF9747458FAB8CC066 /* CoreMedia.framework in Frameworks */ = {isa = PBXBuildFile; fileRef = 445081D803414B009AE61D6A /* CoreMedia.framework */; };
		9040CD3C915F48649EA2AEB2 /* CoreLocation.framework in Frameworks */ = {isa = PBXBuildFile; fileRef = AB0DF7A80C7748929522CAF8 /* CoreLocation.framework */; };
		97BBBA40259D4A5BBE9CD71D /* AVFoundation.framework in Frameworks */ = {isa = PBXBuildFile; fileRef = DFE19CFFE1F54973B43E6AB0 /* AVFoundation.framework */; };
		9882726FF5184682B6525673 /* CDVPluginExt.m in Sources */ = {isa = PBXBuildFile; fileRef = 8B32F879F3BC4B159116B07D /* CDVPluginExt.m */; };
		A4D5BF1F89E2477290EFDDCD /* CoreBluetooth.framework in Frameworks */ = {isa = PBXBuildFile; fileRef = 8405BE6ECA7D4914BCDE2CBF /* CoreBluetooth.framework */; };
		A5839941180A4448BED68715 /* EventKit.framework in Frameworks */ = {isa = PBXBuildFile; fileRef = 0DEDD155F6074076837BB088 /* EventKit.framework */; };
		A80BC35432F6484687D60EDA /* MessageUI.framework in Frameworks */ = {isa = PBXBuildFile; fileRef = F0F0BD20A55C4DC3B706E5CB /* MessageUI.framework */; };
		B52CD0F4D98B4D91B4E13DED /* CDVAdMobPlugin.m in Sources */ = {isa = PBXBuildFile; fileRef = 78E923DF718E468698D7F865 /* CDVAdMobPlugin.m */; };
		B52EDAFBDED144EC8688A629 /* EventKitUI.framework in Frameworks */ = {isa = PBXBuildFile; fileRef = C9A5BC3A01FE47D39FB762E9 /* EventKitUI.framework */; };
		D63AA73AA5F7467A8724F754 /* AdMobMediation.m in Sources */ = {isa = PBXBuildFile; fileRef = 66C59B87D31548B394FA52F4 /* AdMobMediation.m */; };
		D8E21CDD4AB1496B975995D3 /* CDVViewController+SplashScreen.m in Sources */ = {isa = PBXBuildFile; fileRef = 503F58AE5A9448C684E0BA28 /* CDVViewController+SplashScreen.m */; };
		DC481C20D97841EBB2023DFB /* MediaPlayer.framework in Frameworks */ = {isa = PBXBuildFile; fileRef = DB5EDDAC0535462C8DCAD972 /* MediaPlayer.framework */; };
		DF0D48C14FB040B0A9FA997D /* OpenGLES.framework in Frameworks */ = {isa = PBXBuildFile; fileRef = 13C42CFA96C5413AB17D0C5A /* OpenGLES.framework */; };
		E2FE52651EB86A3000D05742 /* Default-568h@2x.png in Resources */ = {isa = PBXBuildFile; fileRef = E2FE52641EB86A3000D05742 /* Default-568h@2x.png */; };
		F76E16F6FC7A4ACDB4C56F8A /* Foundation.framework in Frameworks */ = {isa = PBXBuildFile; fileRef = 0573489FDECD4983AF7ADBF2 /* Foundation.framework */; };
		F7F267DF51F6401F916CBBA8 /* AudioToolbox.framework in Frameworks */ = {isa = PBXBuildFile; fileRef = 29F4389384FA4DA794051B3D /* AudioToolbox.framework */; };
		FBC77C6734224E1EA20A67C5 /* CoreVideo.framework in Frameworks */ = {isa = PBXBuildFile; fileRef = EFE2F2D0E1ED474089089074 /* CoreVideo.framework */; };
/* End PBXBuildFile section */

/* Begin PBXContainerItemProxy section */
		301BF534109A57CC0062928A /* PBXContainerItemProxy */ = {
			isa = PBXContainerItemProxy;
			containerPortal = 301BF52D109A57CC0062928A /* CordovaLib.xcodeproj */;
			proxyType = 2;
			remoteGlobalIDString = D2AAC07E0554694100DB518D;
			remoteInfo = CordovaLib;
		};
		301BF550109A68C00062928A /* PBXContainerItemProxy */ = {
			isa = PBXContainerItemProxy;
			containerPortal = 301BF52D109A57CC0062928A /* CordovaLib.xcodeproj */;
			proxyType = 1;
			remoteGlobalIDString = D2AAC07D0554694100DB518D;
			remoteInfo = CordovaLib;
		};
/* End PBXContainerItemProxy section */

/* Begin PBXFileReference section */
		0207DA571B56EA530066E2B4 /* Images.xcassets */ = {isa = PBXFileReference; lastKnownFileType = folder.assetcatalog; name = Images.xcassets; path = "Tap Tap Kitty Cat/Images.xcassets"; sourceTree = SOURCE_ROOT; };
		0573489FDECD4983AF7ADBF2 /* Foundation.framework */ = {isa = PBXFileReference; explicitFileType = undefined; fileEncoding = 9; includeInIndex = 0; lastKnownFileType = wrapper.framework; name = Foundation.framework; path = System/Library/Frameworks/Foundation.framework; sourceTree = SDKROOT; };
		0A3ADBF799C54AB9A361FFFA /* CDVDevice.h */ = {isa = PBXFileReference; explicitFileType = undefined; fileEncoding = 4; includeInIndex = 0; lastKnownFileType = sourcecode.c.h; name = CDVDevice.h; path = "cordova-plugin-device/CDVDevice.h"; sourceTree = "<group>"; };
		0DEDD155F6074076837BB088 /* EventKit.framework */ = {isa = PBXFileReference; explicitFileType = undefined; fileEncoding = 9; includeInIndex = 0; lastKnownFileType = wrapper.framework; name = EventKit.framework; path = System/Library/Frameworks/EventKit.framework; sourceTree = SDKROOT; };
		1205B076025B4DD7AAD2776A /* CDVPluginExt.h */ = {isa = PBXFileReference; explicitFileType = undefined; fileEncoding = 4; includeInIndex = 0; lastKnownFileType = sourcecode.c.h; name = CDVPluginExt.h; path = "cordova-plugin-extension/CDVPluginExt.h"; sourceTree = "<group>"; };
		127B1F1A299E4CE680AF5CA1 /* AdSupport.framework */ = {isa = PBXFileReference; explicitFileType = undefined; fileEncoding = 9; includeInIndex = 0; lastKnownFileType = wrapper.framework; name = AdSupport.framework; path = System/Library/Frameworks/AdSupport.framework; sourceTree = SDKROOT; };
		13C42CFA96C5413AB17D0C5A /* OpenGLES.framework */ = {isa = PBXFileReference; explicitFileType = undefined; fileEncoding = 9; includeInIndex = 0; lastKnownFileType = wrapper.framework; name = OpenGLES.framework; path = System/Library/Frameworks/OpenGLES.framework; sourceTree = SDKROOT; };
		16F146DD631748998668796C /* CDVAdMobPlugin.h */ = {isa = PBXFileReference; explicitFileType = undefined; fileEncoding = 4; includeInIndex = 0; lastKnownFileType = sourcecode.c.h; name = CDVAdMobPlugin.h; path = "cordova-plugin-admobpro/CDVAdMobPlugin.h"; sourceTree = "<group>"; };
		1B885F1D1F274FB18F612A73 /* libCordovaGenericAd.a */ = {isa = PBXFileReference; explicitFileType = undefined; fileEncoding = 9; includeInIndex = 0; lastKnownFileType = archive.ar; name = libCordovaGenericAd.a; path = "Tap Tap Kitty Cat/Plugins/cordova-plugin-extension/libCordovaGenericAd.a"; sourceTree = "<group>"; };
		1D3623240D0F684500981E51 /* AppDelegate.h */ = {isa = PBXFileReference; fileEncoding = 4; lastKnownFileType = sourcecode.c.h; path = AppDelegate.h; sourceTree = "<group>"; };
		1D3623250D0F684500981E51 /* AppDelegate.m */ = {isa = PBXFileReference; fileEncoding = 4; lastKnownFileType = sourcecode.c.objc; path = AppDelegate.m; sourceTree = "<group>"; };
		1D6058910D05DD3D006BFB54 /* Tap Tap Kitty Cat.app */ = {isa = PBXFileReference; explicitFileType = wrapper.application; includeInIndex = 0; path = "Tap Tap Kitty Cat.app"; sourceTree = BUILT_PRODUCTS_DIR; };
		1EEE5738447B4B00B2C8B7FD /* CDVDevice.m */ = {isa = PBXFileReference; explicitFileType = undefined; fileEncoding = 4; includeInIndex = 0; lastKnownFileType = sourcecode.c.objc; name = CDVDevice.m; path = "cordova-plugin-device/CDVDevice.m"; sourceTree = "<group>"; };
		22113429B69F421F9BEADA6A /* PluginAdapterDelegate.h */ = {isa = PBXFileReference; explicitFileType = undefined; fileEncoding = 4; includeInIndex = 0; lastKnownFileType = sourcecode.c.h; name = PluginAdapterDelegate.h; path = "cordova-plugin-extension/PluginAdapterDelegate.h"; sourceTree = "<group>"; };
		29B97316FDCFA39411CA2CEA /* main.m */ = {isa = PBXFileReference; fileEncoding = 4; lastKnownFileType = sourcecode.c.objc; path = main.m; sourceTree = "<group>"; };
		29F4389384FA4DA794051B3D /* AudioToolbox.framework */ = {isa = PBXFileReference; explicitFileType = undefined; fileEncoding = 9; includeInIndex = 0; lastKnownFileType = wrapper.framework; name = AudioToolbox.framework; path = System/Library/Frameworks/AudioToolbox.framework; sourceTree = SDKROOT; };
		301BF52D109A57CC0062928A /* CordovaLib.xcodeproj */ = {isa = PBXFileReference; lastKnownFileType = "wrapper.pb-project"; name = CordovaLib.xcodeproj; path = CordovaLib/CordovaLib.xcodeproj; sourceTree = "<group>"; };
		301BF56E109A69640062928A /* www */ = {isa = PBXFileReference; lastKnownFileType = folder; path = www; sourceTree = SOURCE_ROOT; };
		302D95EE14D2391D003F00A1 /* MainViewController.h */ = {isa = PBXFileReference; fileEncoding = 4; lastKnownFileType = sourcecode.c.h; path = MainViewController.h; sourceTree = "<group>"; };
		302D95EF14D2391D003F00A1 /* MainViewController.m */ = {isa = PBXFileReference; fileEncoding = 4; lastKnownFileType = sourcecode.c.objc; path = MainViewController.m; sourceTree = "<group>"; };
		302D95F014D2391D003F00A1 /* MainViewController.xib */ = {isa = PBXFileReference; fileEncoding = 4; lastKnownFileType = file.xib; path = MainViewController.xib; sourceTree = "<group>"; };
		3047A50F1AB8059700498E2A /* build-debug.xcconfig */ = {isa = PBXFileReference; fileEncoding = 4; lastKnownFileType = text.xcconfig; name = "build-debug.xcconfig"; path = "cordova/build-debug.xcconfig"; sourceTree = SOURCE_ROOT; };
		3047A5101AB8059700498E2A /* build-release.xcconfig */ = {isa = PBXFileReference; fileEncoding = 4; lastKnownFileType = text.xcconfig; name = "build-release.xcconfig"; path = "cordova/build-release.xcconfig"; sourceTree = SOURCE_ROOT; };
		3047A5111AB8059700498E2A /* build.xcconfig */ = {isa = PBXFileReference; fileEncoding = 4; lastKnownFileType = text.xcconfig; name = build.xcconfig; path = cordova/build.xcconfig; sourceTree = SOURCE_ROOT; };
		32CA4F630368D1EE00C91783 /* Tap Tap Kitty Cat-Prefix.pch */ = {isa = PBXFileReference; fileEncoding = 4; lastKnownFileType = sourcecode.c.h; path = "Tap Tap Kitty Cat-Prefix.pch"; sourceTree = "<group>"; };
		39905FD6D4E84A73B6E768BA /* libz.tbd */ = {isa = PBXFileReference; explicitFileType = undefined; fileEncoding = 9; includeInIndex = 0; lastKnownFileType = "sourcecode.text-based-dylib-definition"; name = libz.tbd; path = usr/lib/libz.tbd; sourceTree = SDKROOT; };
		3B09EB6CC13342ACB643453E /* SystemConfiguration.framework */ = {isa = PBXFileReference; explicitFileType = undefined; fileEncoding = 9; includeInIndex = 0; lastKnownFileType = wrapper.framework; name = SystemConfiguration.framework; path = System/Library/Frameworks/SystemConfiguration.framework; sourceTree = SDKROOT; };
		43ACE655501647D2ACE106EF /* CDVSplashScreen.h */ = {isa = PBXFileReference; explicitFileType = undefined; fileEncoding = 4; includeInIndex = 0; lastKnownFileType = sourcecode.c.h; name = CDVSplashScreen.h; path = "cordova-plugin-splashscreen/CDVSplashScreen.h"; sourceTree = "<group>"; };
		445081D803414B009AE61D6A /* CoreMedia.framework */ = {isa = PBXFileReference; explicitFileType = undefined; fileEncoding = 9; includeInIndex = 0; lastKnownFileType = wrapper.framework; name = CoreMedia.framework; path = System/Library/Frameworks/CoreMedia.framework; sourceTree = SDKROOT; };
		48285D45590342EF8F611109 /* CDVSplashScreen.m */ = {isa = PBXFileReference; explicitFileType = undefined; fileEncoding = 4; includeInIndex = 0; lastKnownFileType = sourcecode.c.objc; name = CDVSplashScreen.m; path = "cordova-plugin-splashscreen/CDVSplashScreen.m"; sourceTree = "<group>"; };
		503F58AE5A9448C684E0BA28 /* CDVViewController+SplashScreen.m */ = {isa = PBXFileReference; explicitFileType = undefined; fileEncoding = 4; includeInIndex = 0; lastKnownFileType = sourcecode.c.objc; name = "CDVViewController+SplashScreen.m"; path = "cordova-plugin-splashscreen/CDVViewController+SplashScreen.m"; sourceTree = "<group>"; };
		59701A21C96A46C58C4871C9 /* CFNetwork.framework */ = {isa = PBXFileReference; explicitFileType = undefined; fileEncoding = 9; includeInIndex = 0; lastKnownFileType = wrapper.framework; name = CFNetwork.framework; path = System/Library/Frameworks/CFNetwork.framework; sourceTree = SDKROOT; };
		5B915C47459B47D98E59E22B /* SafariServices.framework */ = {isa = PBXFileReference; explicitFileType = undefined; fileEncoding = 9; includeInIndex = 0; lastKnownFileType = wrapper.framework; name = SafariServices.framework; path = System/Library/Frameworks/SafariServices.framework; sourceTree = SDKROOT; };
		66C59B87D31548B394FA52F4 /* AdMobMediation.m */ = {isa = PBXFileReference; explicitFileType = undefined; fileEncoding = 4; includeInIndex = 0; lastKnownFileType = sourcecode.c.objc; name = AdMobMediation.m; path = "cordova-plugin-admobpro/AdMobMediation.m"; sourceTree = "<group>"; };
		69B710DFEBE244E88B17B204 /* CoreTelephony.framework */ = {isa = PBXFileReference; explicitFileType = undefined; fileEncoding = 9; includeInIndex = 0; lastKnownFileType = wrapper.framework; name = CoreTelephony.framework; path = System/Library/Frameworks/CoreTelephony.framework; sourceTree = SDKROOT; };
		6AFF5BF81D6E424B00AB3073 /* CDVLaunchScreen.storyboard */ = {isa = PBXFileReference; fileEncoding = 4; lastKnownFileType = file.storyboard; name = CDVLaunchScreen.storyboard; path = "Tap Tap Kitty Cat/CDVLaunchScreen.storyboard"; sourceTree = SOURCE_ROOT; };
		6D04C48FBFDA40D283488430 /* UIKit.framework */ = {isa = PBXFileReference; explicitFileType = undefined; fileEncoding = 9; includeInIndex = 0; lastKnownFileType = wrapper.framework; name = UIKit.framework; path = System/Library/Frameworks/UIKit.framework; sourceTree = SDKROOT; };
		78E923DF718E468698D7F865 /* CDVAdMobPlugin.m */ = {isa = PBXFileReference; explicitFileType = undefined; fileEncoding = 4; includeInIndex = 0; lastKnownFileType = sourcecode.c.objc; name = CDVAdMobPlugin.m; path = "cordova-plugin-admobpro/CDVAdMobPlugin.m"; sourceTree = "<group>"; };
		7C64BB1CC91448A18821D275 /* AdMobMediation.h */ = {isa = PBXFileReference; explicitFileType = undefined; fileEncoding = 4; includeInIndex = 0; lastKnownFileType = sourcecode.c.h; name = AdMobMediation.h; path = "cordova-plugin-admobpro/AdMobMediation.h"; sourceTree = "<group>"; };
		8405BE6ECA7D4914BCDE2CBF /* CoreBluetooth.framework */ = {isa = PBXFileReference; explicitFileType = undefined; fileEncoding = 9; includeInIndex = 0; lastKnownFileType = wrapper.framework; name = CoreBluetooth.framework; path = System/Library/Frameworks/CoreBluetooth.framework; sourceTree = SDKROOT; };
		8B32F879F3BC4B159116B07D /* CDVPluginExt.m */ = {isa = PBXFileReference; explicitFileType = undefined; fileEncoding = 4; includeInIndex = 0; lastKnownFileType = sourcecode.c.objc; name = CDVPluginExt.m; path = "cordova-plugin-extension/CDVPluginExt.m"; sourceTree = "<group>"; };
		8D1107310486CEB800E47090 /* Tap Tap Kitty Cat-Info.plist */ = {isa = PBXFileReference; fileEncoding = 4; lastKnownFileType = text.plist.xml; name = "Tap Tap Kitty Cat-Info.plist"; path = "Tap Tap Kitty Cat/Tap Tap Kitty Cat-Info.plist"; plistStructureDefinitionIdentifier = "com.apple.xcode.plist.structure-definition.iphone.info-plist"; sourceTree = SOURCE_ROOT; };
		AB0DF7A80C7748929522CAF8 /* CoreLocation.framework */ = {isa = PBXFileReference; explicitFileType = undefined; fileEncoding = 9; includeInIndex = 0; lastKnownFileType = wrapper.framework; name = CoreLocation.framework; path = System/Library/Frameworks/CoreLocation.framework; sourceTree = SDKROOT; };
		B4F19AF5F9B54DD8AFB02F16 /* GLKit.framework */ = {isa = PBXFileReference; explicitFileType = undefined; fileEncoding = 9; includeInIndex = 0; lastKnownFileType = wrapper.framework; name = GLKit.framework; path = System/Library/Frameworks/GLKit.framework; sourceTree = SDKROOT; };
		B61E1C3649EC4BBAB328F1C6 /* StoreKit.framework */ = {isa = PBXFileReference; explicitFileType = undefined; fileEncoding = 9; includeInIndex = 0; lastKnownFileType = wrapper.framework; name = StoreKit.framework; path = System/Library/Frameworks/StoreKit.framework; sourceTree = SDKROOT; };
		C2F036194F454492BD70DC12 /* CoreMotion.framework */ = {isa = PBXFileReference; explicitFileType = undefined; fileEncoding = 9; includeInIndex = 0; lastKnownFileType = wrapper.framework; name = CoreMotion.framework; path = System/Library/Frameworks/CoreMotion.framework; sourceTree = SDKROOT; };
		C9A5BC3A01FE47D39FB762E9 /* EventKitUI.framework */ = {isa = PBXFileReference; explicitFileType = undefined; fileEncoding = 9; includeInIndex = 0; lastKnownFileType = wrapper.framework; name = EventKitUI.framework; path = System/Library/Frameworks/EventKitUI.framework; sourceTree = SDKROOT; };
		CC6D1136F79F45D38D0C8D0F /* GoogleMobileAds.framework */ = {isa = PBXFileReference; explicitFileType = undefined; fileEncoding = 9; includeInIndex = 0; lastKnownFileType = wrapper.framework; name = GoogleMobileAds.framework; path = "Tap Tap Kitty Cat/Plugins/cordova-plugin-admobpro/GoogleMobileAds.framework"; sourceTree = "<group>"; };
		DB5EDDAC0535462C8DCAD972 /* MediaPlayer.framework */ = {isa = PBXFileReference; explicitFileType = undefined; fileEncoding = 9; includeInIndex = 0; lastKnownFileType = wrapper.framework; name = MediaPlayer.framework; path = System/Library/Frameworks/MediaPlayer.framework; sourceTree = SDKROOT; };
		DE1D9265DA084B8881AE2A11 /* GenericAdPlugin.h */ = {isa = PBXFileReference; explicitFileType = undefined; fileEncoding = 4; includeInIndex = 0; lastKnownFileType = sourcecode.c.h; name = GenericAdPlugin.h; path = "cordova-plugin-extension/GenericAdPlugin.h"; sourceTree = "<group>"; };
		DFE19CFFE1F54973B43E6AB0 /* AVFoundation.framework */ = {isa = PBXFileReference; explicitFileType = undefined; fileEncoding = 9; includeInIndex = 0; lastKnownFileType = wrapper.framework; name = AVFoundation.framework; path = System/Library/Frameworks/AVFoundation.framework; sourceTree = SDKROOT; };
		E25A4263DCDB44F99989BD53 /* CDVViewController+SplashScreen.h */ = {isa = PBXFileReference; explicitFileType = undefined; fileEncoding = 4; includeInIndex = 0; lastKnownFileType = sourcecode.c.h; name = "CDVViewController+SplashScreen.h"; path = "cordova-plugin-splashscreen/CDVViewController+SplashScreen.h"; sourceTree = "<group>"; };
		E2FE52641EB86A3000D05742 /* Default-568h@2x.png */ = {isa = PBXFileReference; lastKnownFileType = image.png; path = "Default-568h@2x.png"; sourceTree = "<group>"; };
		EB87FDF31871DA8E0020F90C /* www */ = {isa = PBXFileReference; lastKnownFileType = folder; name = www; path = ../../www; sourceTree = "<group>"; };
		EB87FDF41871DAF40020F90C /* config.xml */ = {isa = PBXFileReference; lastKnownFileType = text.xml; name = config.xml; path = ../../config.xml; sourceTree = "<group>"; };
		ED33DF2A687741AEAF9F8254 /* Bridging-Header.h */ = {isa = PBXFileReference; fileEncoding = 4; lastKnownFileType = sourcecode.c.h; path = "Bridging-Header.h"; sourceTree = "<group>"; };
		EFE2F2D0E1ED474089089074 /* CoreVideo.framework */ = {isa = PBXFileReference; explicitFileType = undefined; fileEncoding = 9; includeInIndex = 0; lastKnownFileType = wrapper.framework; name = CoreVideo.framework; path = System/Library/Frameworks/CoreVideo.framework; sourceTree = SDKROOT; };
		F0F0BD20A55C4DC3B706E5CB /* MessageUI.framework */ = {isa = PBXFileReference; explicitFileType = undefined; fileEncoding = 9; includeInIndex = 0; lastKnownFileType = wrapper.framework; name = MessageUI.framework; path = System/Library/Frameworks/MessageUI.framework; sourceTree = SDKROOT; };
		F840E1F0165FE0F500CFE078 /* config.xml */ = {isa = PBXFileReference; lastKnownFileType = text.xml; name = config.xml; path = "Tap Tap Kitty Cat/config.xml"; sourceTree = "<group>"; };
/* End PBXFileReference section */

/* Begin PBXFrameworksBuildPhase section */
		1D60588F0D05DD3D006BFB54 /* Frameworks */ = {
			isa = PBXFrameworksBuildPhase;
			buildActionMask = 2147483647;
			files = (
				301BF552109A68D80062928A /* libCordova.a in Frameworks */,
				53DC75E4852F40D0AE528EA5 /* libCordovaGenericAd.a in Frameworks */,
				67F5DC74A18B4EF783CFB3E2 /* CFNetwork.framework in Frameworks */,
				45885005890A4B46AC921874 /* GoogleMobileAds.framework in Frameworks */,
				6385A22B1EF946F1A8F166B1 /* AdSupport.framework in Frameworks */,
				F7F267DF51F6401F916CBBA8 /* AudioToolbox.framework in Frameworks */,
				97BBBA40259D4A5BBE9CD71D /* AVFoundation.framework in Frameworks */,
				A4D5BF1F89E2477290EFDDCD /* CoreBluetooth.framework in Frameworks */,
				9040CD3C915F48649EA2AEB2 /* CoreLocation.framework in Frameworks */,
				81E32BAF9747458FAB8CC066 /* CoreMedia.framework in Frameworks */,
				72B94A8B5B034494BC912B36 /* CoreMotion.framework in Frameworks */,
				6463CF4EAB2B4CE6951D01A8 /* CoreTelephony.framework in Frameworks */,
				FBC77C6734224E1EA20A67C5 /* CoreVideo.framework in Frameworks */,
				A5839941180A4448BED68715 /* EventKit.framework in Frameworks */,
				B52EDAFBDED144EC8688A629 /* EventKitUI.framework in Frameworks */,
				F76E16F6FC7A4ACDB4C56F8A /* Foundation.framework in Frameworks */,
				7386A77914014CE1905A8906 /* GLKit.framework in Frameworks */,
				DC481C20D97841EBB2023DFB /* MediaPlayer.framework in Frameworks */,
				A80BC35432F6484687D60EDA /* MessageUI.framework in Frameworks */,
				DF0D48C14FB040B0A9FA997D /* OpenGLES.framework in Frameworks */,
				27EE0A00301642C1AA75A319 /* SafariServices.framework in Frameworks */,
				80430282139E4EF4BC7C33C9 /* StoreKit.framework in Frameworks */,
				6D9B7E84F3474DAF9450C0B6 /* SystemConfiguration.framework in Frameworks */,
				11E9383E26EE4230BA7EAD48 /* UIKit.framework in Frameworks */,
				2717B654030F4D5D83417FFE /* libz.tbd in Frameworks */,
			);
			runOnlyForDeploymentPostprocessing = 0;
		};
/* End PBXFrameworksBuildPhase section */

/* Begin PBXGroup section */
		080E96DDFE201D6D7F000001 /* Classes */ = {
			isa = PBXGroup;
			children = (
				302D95EE14D2391D003F00A1 /* MainViewController.h */,
				302D95EF14D2391D003F00A1 /* MainViewController.m */,
				302D95F014D2391D003F00A1 /* MainViewController.xib */,
				1D3623240D0F684500981E51 /* AppDelegate.h */,
				1D3623250D0F684500981E51 /* AppDelegate.m */,
			);
			name = Classes;
			path = "Tap Tap Kitty Cat/Classes";
			sourceTree = SOURCE_ROOT;
		};
		19C28FACFE9D520D11CA2CBB /* Products */ = {
			isa = PBXGroup;
			children = (
				1D6058910D05DD3D006BFB54 /* Tap Tap Kitty Cat.app */,
			);
			name = Products;
			sourceTree = "<group>";
		};
		29B97314FDCFA39411CA2CEA /* CustomTemplate */ = {
			isa = PBXGroup;
			children = (
				E2FE52641EB86A3000D05742 /* Default-568h@2x.png */,
				EB87FDF41871DAF40020F90C /* config.xml */,
				EB87FDF31871DA8E0020F90C /* www */,
				EB87FDF11871DA420020F90C /* Staging */,
				301BF52D109A57CC0062928A /* CordovaLib.xcodeproj */,
				080E96DDFE201D6D7F000001 /* Classes */,
				307C750510C5A3420062BCA9 /* Plugins */,
				29B97315FDCFA39411CA2CEA /* Other Sources */,
				29B97317FDCFA39411CA2CEA /* Resources */,
				29B97323FDCFA39411CA2CEA /* Frameworks */,
				19C28FACFE9D520D11CA2CBB /* Products */,
			);
			name = CustomTemplate;
			sourceTree = "<group>";
		};
		29B97315FDCFA39411CA2CEA /* Other Sources */ = {
			isa = PBXGroup;
			children = (
				32CA4F630368D1EE00C91783 /* Tap Tap Kitty Cat-Prefix.pch */,
				29B97316FDCFA39411CA2CEA /* main.m */,
				ED33DF2A687741AEAF9F8254 /* Bridging-Header.h */,
			);
			name = "Other Sources";
			path = "Tap Tap Kitty Cat";
			sourceTree = "<group>";
		};
		29B97317FDCFA39411CA2CEA /* Resources */ = {
			isa = PBXGroup;
			children = (
				0207DA571B56EA530066E2B4 /* Images.xcassets */,
				3047A50E1AB8057F00498E2A /* config */,
				8D1107310486CEB800E47090 /* Tap Tap Kitty Cat-Info.plist */,
				6AFF5BF81D6E424B00AB3073 /* CDVLaunchScreen.storyboard */,
			);
			name = Resources;
			path = "Tap Tap Kitty Cat/Resources";
			sourceTree = "<group>";
		};
		29B97323FDCFA39411CA2CEA /* Frameworks */ = {
			isa = PBXGroup;
			children = (
				1B885F1D1F274FB18F612A73 /* libCordovaGenericAd.a */,
				59701A21C96A46C58C4871C9 /* CFNetwork.framework */,
				CC6D1136F79F45D38D0C8D0F /* GoogleMobileAds.framework */,
				127B1F1A299E4CE680AF5CA1 /* AdSupport.framework */,
				29F4389384FA4DA794051B3D /* AudioToolbox.framework */,
				DFE19CFFE1F54973B43E6AB0 /* AVFoundation.framework */,
				8405BE6ECA7D4914BCDE2CBF /* CoreBluetooth.framework */,
				AB0DF7A80C7748929522CAF8 /* CoreLocation.framework */,
				445081D803414B009AE61D6A /* CoreMedia.framework */,
				C2F036194F454492BD70DC12 /* CoreMotion.framework */,
				69B710DFEBE244E88B17B204 /* CoreTelephony.framework */,
				EFE2F2D0E1ED474089089074 /* CoreVideo.framework */,
				0DEDD155F6074076837BB088 /* EventKit.framework */,
				C9A5BC3A01FE47D39FB762E9 /* EventKitUI.framework */,
				0573489FDECD4983AF7ADBF2 /* Foundation.framework */,
				B4F19AF5F9B54DD8AFB02F16 /* GLKit.framework */,
				DB5EDDAC0535462C8DCAD972 /* MediaPlayer.framework */,
				F0F0BD20A55C4DC3B706E5CB /* MessageUI.framework */,
				13C42CFA96C5413AB17D0C5A /* OpenGLES.framework */,
				5B915C47459B47D98E59E22B /* SafariServices.framework */,
				B61E1C3649EC4BBAB328F1C6 /* StoreKit.framework */,
				3B09EB6CC13342ACB643453E /* SystemConfiguration.framework */,
				6D04C48FBFDA40D283488430 /* UIKit.framework */,
				39905FD6D4E84A73B6E768BA /* libz.tbd */,
			);
			name = Frameworks;
			sourceTree = "<group>";
		};
		301BF52E109A57CC0062928A /* Products */ = {
			isa = PBXGroup;
			children = (
				301BF535109A57CC0062928A /* libCordova.a */,
			);
			name = Products;
			sourceTree = "<group>";
		};
		3047A50E1AB8057F00498E2A /* config */ = {
			isa = PBXGroup;
			children = (
				3047A50F1AB8059700498E2A /* build-debug.xcconfig */,
				3047A5101AB8059700498E2A /* build-release.xcconfig */,
				3047A5111AB8059700498E2A /* build.xcconfig */,
			);
			name = config;
			sourceTree = "<group>";
		};
		307C750510C5A3420062BCA9 /* Plugins */ = {
			isa = PBXGroup;
			children = (
				8B32F879F3BC4B159116B07D /* CDVPluginExt.m */,
				22113429B69F421F9BEADA6A /* PluginAdapterDelegate.h */,
				1205B076025B4DD7AAD2776A /* CDVPluginExt.h */,
				DE1D9265DA084B8881AE2A11 /* GenericAdPlugin.h */,
				78E923DF718E468698D7F865 /* CDVAdMobPlugin.m */,
				66C59B87D31548B394FA52F4 /* AdMobMediation.m */,
				16F146DD631748998668796C /* CDVAdMobPlugin.h */,
				7C64BB1CC91448A18821D275 /* AdMobMediation.h */,
				1EEE5738447B4B00B2C8B7FD /* CDVDevice.m */,
				0A3ADBF799C54AB9A361FFFA /* CDVDevice.h */,
				48285D45590342EF8F611109 /* CDVSplashScreen.m */,
				503F58AE5A9448C684E0BA28 /* CDVViewController+SplashScreen.m */,
				43ACE655501647D2ACE106EF /* CDVSplashScreen.h */,
				E25A4263DCDB44F99989BD53 /* CDVViewController+SplashScreen.h */,
			);
			name = Plugins;
			path = "Tap Tap Kitty Cat/Plugins";
			sourceTree = SOURCE_ROOT;
		};
		EB87FDF11871DA420020F90C /* Staging */ = {
			isa = PBXGroup;
			children = (
				F840E1F0165FE0F500CFE078 /* config.xml */,
				301BF56E109A69640062928A /* www */,
			);
			name = Staging;
			sourceTree = "<group>";
		};
/* End PBXGroup section */

/* Begin PBXNativeTarget section */
		1D6058900D05DD3D006BFB54 /* Tap Tap Kitty Cat */ = {
			isa = PBXNativeTarget;
			buildConfigurationList = 1D6058960D05DD3E006BFB54 /* Build configuration list for PBXNativeTarget "Tap Tap Kitty Cat" */;
			buildPhases = (
				304B58A110DAC018002A0835 /* Copy www directory */,
				1D60588D0D05DD3D006BFB54 /* Resources */,
				1D60588E0D05DD3D006BFB54 /* Sources */,
				1D60588F0D05DD3D006BFB54 /* Frameworks */,
			);
			buildRules = (
			);
			dependencies = (
				301BF551109A68C00062928A /* PBXTargetDependency */,
			);
			name = "Tap Tap Kitty Cat";
			productName = "Tap Tap Kitty Cat";
			productReference = 1D6058910D05DD3D006BFB54 /* Tap Tap Kitty Cat.app */;
			productType = "com.apple.product-type.application";
		};
/* End PBXNativeTarget section */

/* Begin PBXProject section */
		29B97313FDCFA39411CA2CEA /* Project object */ = {
			isa = PBXProject;
			attributes = {
				LastUpgradeCheck = 830;
				TargetAttributes = {
					1D6058900D05DD3D006BFB54 = {
						DevelopmentTeam = S8S6KM22WQ;
					};
				};
			};
			buildConfigurationList = C01FCF4E08A954540054247B /* Build configuration list for PBXProject "Tap Tap Kitty Cat" */;
			compatibilityVersion = "Xcode 3.2";
			developmentRegion = English;
			hasScannedForEncodings = 1;
			knownRegions = (
				en,
			);
			mainGroup = 29B97314FDCFA39411CA2CEA /* CustomTemplate */;
			projectDirPath = "";
			projectReferences = (
				{
					ProductGroup = 301BF52E109A57CC0062928A /* Products */;
					ProjectRef = 301BF52D109A57CC0062928A /* CordovaLib.xcodeproj */;
				},
			);
			projectRoot = "";
			targets = (
				1D6058900D05DD3D006BFB54 /* Tap Tap Kitty Cat */,
			);
		};
/* End PBXProject section */

/* Begin PBXReferenceProxy section */
		301BF535109A57CC0062928A /* libCordova.a */ = {
			isa = PBXReferenceProxy;
			fileType = archive.ar;
			path = libCordova.a;
			remoteRef = 301BF534109A57CC0062928A /* PBXContainerItemProxy */;
			sourceTree = BUILT_PRODUCTS_DIR;
		};
/* End PBXReferenceProxy section */

/* Begin PBXResourcesBuildPhase section */
		1D60588D0D05DD3D006BFB54 /* Resources */ = {
			isa = PBXResourcesBuildPhase;
			buildActionMask = 2147483647;
			files = (
				302D95F214D2391D003F00A1 /* MainViewController.xib in Resources */,
				E2FE52651EB86A3000D05742 /* Default-568h@2x.png in Resources */,
				0207DA581B56EA530066E2B4 /* Images.xcassets in Resources */,
				6AFF5BF91D6E424B00AB3073 /* CDVLaunchScreen.storyboard in Resources */,
			);
			runOnlyForDeploymentPostprocessing = 0;
		};
/* End PBXResourcesBuildPhase section */

/* Begin PBXShellScriptBuildPhase section */
		304B58A110DAC018002A0835 /* Copy www directory */ = {
			isa = PBXShellScriptBuildPhase;
			buildActionMask = 2147483647;
			files = (
			);
			inputPaths = (
			);
			name = "Copy www directory";
			outputPaths = (
			);
			runOnlyForDeploymentPostprocessing = 0;
			shellPath = /bin/sh;
			shellScript = "NODEJS_PATH=/usr/local/bin; NVM_NODE_PATH=~/.nvm/versions/node/`nvm version 2>/dev/null`/bin; N_NODE_PATH=`find /usr/local/n/versions/node/* -maxdepth 0 -type d 2>/dev/null | tail -1`/bin; XCODE_NODE_PATH=`xcode-select --print-path`/usr/share/xcs/Node/bin; PATH=$NODEJS_PATH:$NVM_NODE_PATH:$N_NODE_PATH:$XCODE_NODE_PATH:$PATH && node cordova/lib/copy-www-build-step.js";
			showEnvVarsInLog = 0;
		};
/* End PBXShellScriptBuildPhase section */

/* Begin PBXSourcesBuildPhase section */
		1D60588E0D05DD3D006BFB54 /* Sources */ = {
			isa = PBXSourcesBuildPhase;
			buildActionMask = 2147483647;
			files = (
				1D60589B0D05DD56006BFB54 /* main.m in Sources */,
				1D3623260D0F684500981E51 /* AppDelegate.m in Sources */,
				302D95F114D2391D003F00A1 /* MainViewController.m in Sources */,
				9882726FF5184682B6525673 /* CDVPluginExt.m in Sources */,
				B52CD0F4D98B4D91B4E13DED /* CDVAdMobPlugin.m in Sources */,
				D63AA73AA5F7467A8724F754 /* AdMobMediation.m in Sources */,
				4E3A9B14BF9A430AACF8EC23 /* CDVDevice.m in Sources */,
				2C7823C0C17146A0A548AB70 /* CDVSplashScreen.m in Sources */,
				D8E21CDD4AB1496B975995D3 /* CDVViewController+SplashScreen.m in Sources */,
			);
			runOnlyForDeploymentPostprocessing = 0;
		};
/* End PBXSourcesBuildPhase section */

/* Begin PBXTargetDependency section */
		301BF551109A68C00062928A /* PBXTargetDependency */ = {
			isa = PBXTargetDependency;
			name = CordovaLib;
			targetProxy = 301BF550109A68C00062928A /* PBXContainerItemProxy */;
		};
/* End PBXTargetDependency section */

/* Begin XCBuildConfiguration section */
		1D6058940D05DD3E006BFB54 /* Debug */ = {
			isa = XCBuildConfiguration;
			baseConfigurationReference = 3047A50F1AB8059700498E2A /* build-debug.xcconfig */;
			buildSettings = {
				ALWAYS_SEARCH_USER_PATHS = NO;
				ASSETCATALOG_COMPILER_APPICON_NAME = AppIcon;
				CLANG_ENABLE_MODULES = YES;
				CLANG_ENABLE_OBJC_ARC = YES;
				CODE_SIGN_IDENTITY = "iPhone Developer";
				COPY_PHASE_STRIP = NO;
				DEVELOPMENT_TEAM = S8S6KM22WQ;
				FRAMEWORK_SEARCH_PATHS = (
					"$(inherited)",
					"\"Tap Tap Kitty Cat/Plugins/cordova-plugin-admobpro\"",
				);
				GCC_DYNAMIC_NO_PIC = NO;
				GCC_OPTIMIZATION_LEVEL = 0;
				GCC_PRECOMPILE_PREFIX_HEADER = YES;
				GCC_PREFIX_HEADER = "Tap Tap Kitty Cat/Tap Tap Kitty Cat-Prefix.pch";
				GCC_THUMB_SUPPORT = NO;
				GCC_VERSION = "";
				INFOPLIST_FILE = "Tap Tap Kitty Cat/Tap Tap Kitty Cat-Info.plist";
				IPHONEOS_DEPLOYMENT_TARGET = 8.0;
				LD_RUNPATH_SEARCH_PATHS = "@executable_path/Frameworks";
				LIBRARY_SEARCH_PATHS = (
					"$(inherited)",
					"\"$(SRCROOT)/Tap Tap Kitty Cat/Plugins/cordova-plugin-extension\"",
				);
				PRODUCT_BUNDLE_IDENTIFIER = io.cybertek.taptapkittycat;
				PRODUCT_NAME = "Tap Tap Kitty Cat";
				TARGETED_DEVICE_FAMILY = "1,2";
			};
			name = Debug;
		};
		1D6058950D05DD3E006BFB54 /* Release */ = {
			isa = XCBuildConfiguration;
			baseConfigurationReference = 3047A5101AB8059700498E2A /* build-release.xcconfig */;
			buildSettings = {
				ALWAYS_SEARCH_USER_PATHS = NO;
				ASSETCATALOG_COMPILER_APPICON_NAME = AppIcon;
				CLANG_ENABLE_MODULES = YES;
				CLANG_ENABLE_OBJC_ARC = YES;
				CODE_SIGN_IDENTITY = "iPhone Developer";
				COPY_PHASE_STRIP = YES;
				DEVELOPMENT_TEAM = S8S6KM22WQ;
				FRAMEWORK_SEARCH_PATHS = (
					"$(inherited)",
					"\"Tap Tap Kitty Cat/Plugins/cordova-plugin-admobpro\"",
				);
				GCC_PRECOMPILE_PREFIX_HEADER = YES;
				GCC_PREFIX_HEADER = "Tap Tap Kitty Cat/Tap Tap Kitty Cat-Prefix.pch";
				GCC_THUMB_SUPPORT = NO;
				GCC_VERSION = "";
				INFOPLIST_FILE = "Tap Tap Kitty Cat/Tap Tap Kitty Cat-Info.plist";
				IPHONEOS_DEPLOYMENT_TARGET = 8.0;
				LD_RUNPATH_SEARCH_PATHS = "@executable_path/Frameworks";
				LIBRARY_SEARCH_PATHS = (
					"$(inherited)",
					"\"$(SRCROOT)/Tap Tap Kitty Cat/Plugins/cordova-plugin-extension\"",
				);
				PRODUCT_BUNDLE_IDENTIFIER = io.cybertek.taptapkittycat;
				PRODUCT_NAME = "Tap Tap Kitty Cat";
				TARGETED_DEVICE_FAMILY = "1,2";
			};
			name = Release;
		};
		C01FCF4F08A954540054247B /* Debug */ = {
			isa = XCBuildConfiguration;
			baseConfigurationReference = 3047A5111AB8059700498E2A /* build.xcconfig */;
			buildSettings = {
				CLANG_ENABLE_MODULES = YES;
				CLANG_ENABLE_OBJC_ARC = YES;
				CLANG_WARN_BOOL_CONVERSION = YES;
				CLANG_WARN_CONSTANT_CONVERSION = YES;
				CLANG_WARN_EMPTY_BODY = YES;
				CLANG_WARN_ENUM_CONVERSION = YES;
				CLANG_WARN_INFINITE_RECURSION = YES;
				CLANG_WARN_INT_CONVERSION = YES;
				CLANG_WARN_SUSPICIOUS_MOVE = YES;
				CLANG_WARN_UNREACHABLE_CODE = YES;
				CLANG_WARN__DUPLICATE_METHOD_MATCH = YES;
				ENABLE_STRICT_OBJC_MSGSEND = YES;
				ENABLE_TESTABILITY = YES;
				GCC_C_LANGUAGE_STANDARD = c99;
				GCC_NO_COMMON_BLOCKS = YES;
				GCC_THUMB_SUPPORT = NO;
				GCC_VERSION = "";
				GCC_WARN_64_TO_32_BIT_CONVERSION = YES;
				GCC_WARN_ABOUT_RETURN_TYPE = YES;
				GCC_WARN_UNDECLARED_SELECTOR = YES;
				GCC_WARN_UNINITIALIZED_AUTOS = YES;
				GCC_WARN_UNUSED_FUNCTION = YES;
				GCC_WARN_UNUSED_VARIABLE = YES;
				ONLY_ACTIVE_ARCH = YES;
				SDKROOT = iphoneos;
				SKIP_INSTALL = NO;
			};
			name = Debug;
		};
		C01FCF5008A954540054247B /* Release */ = {
			isa = XCBuildConfiguration;
			baseConfigurationReference = 3047A5111AB8059700498E2A /* build.xcconfig */;
			buildSettings = {
				CLANG_ENABLE_MODULES = YES;
				CLANG_ENABLE_OBJC_ARC = YES;
				CLANG_WARN_BOOL_CONVERSION = YES;
				CLANG_WARN_CONSTANT_CONVERSION = YES;
				CLANG_WARN_EMPTY_BODY = YES;
				CLANG_WARN_ENUM_CONVERSION = YES;
				CLANG_WARN_INFINITE_RECURSION = YES;
				CLANG_WARN_INT_CONVERSION = YES;
				CLANG_WARN_SUSPICIOUS_MOVE = YES;
				CLANG_WARN_UNREACHABLE_CODE = YES;
				CLANG_WARN__DUPLICATE_METHOD_MATCH = YES;
				ENABLE_STRICT_OBJC_MSGSEND = YES;
				GCC_C_LANGUAGE_STANDARD = c99;
				GCC_NO_COMMON_BLOCKS = YES;
				GCC_THUMB_SUPPORT = NO;
				GCC_VERSION = "";
				GCC_WARN_64_TO_32_BIT_CONVERSION = YES;
				GCC_WARN_ABOUT_RETURN_TYPE = YES;
				GCC_WARN_UNDECLARED_SELECTOR = YES;
				GCC_WARN_UNINITIALIZED_AUTOS = YES;
				GCC_WARN_UNUSED_FUNCTION = YES;
				GCC_WARN_UNUSED_VARIABLE = YES;
				SDKROOT = iphoneos;
				SKIP_INSTALL = NO;
			};
			name = Release;
		};
/* End XCBuildConfiguration section */

/* Begin XCConfigurationList section */
		1D6058960D05DD3E006BFB54 /* Build configuration list for PBXNativeTarget "Tap Tap Kitty Cat" */ = {
			isa = XCConfigurationList;
			buildConfigurations = (
				1D6058940D05DD3E006BFB54 /* Debug */,
				1D6058950D05DD3E006BFB54 /* Release */,
			);
			defaultConfigurationIsVisible = 0;
			defaultConfigurationName = Release;
		};
		C01FCF4E08A954540054247B /* Build configuration list for PBXProject "Tap Tap Kitty Cat" */ = {
			isa = XCConfigurationList;
			buildConfigurations = (
				C01FCF4F08A954540054247B /* Debug */,
				C01FCF5008A954540054247B /* Release */,
			);
			defaultConfigurationIsVisible = 0;
			defaultConfigurationName = Release;
		};
/* End XCConfigurationList section */
	};
	rootObject = 29B97313FDCFA39411CA2CEA /* Project object */;
}
